// !$*UTF8*$!
{
	archiveVersion = 1;
	classes = {
	};
	objectVersion = 48;
	objects = {

/* Begin PBXBuildFile section */
		01BCE587D6846358E4AD4F1B /* Pods_ProveedorUITests.framework in Frameworks */ = {isa = PBXBuildFile; fileRef = 60ACF142BB7D16E82BF75913 /* Pods_ProveedorUITests.framework */; };
		079DC11D85FEF9F66318F035 /* Pods_ProveedorTests.framework in Frameworks */ = {isa = PBXBuildFile; fileRef = 5E1F47942578C60C664E243A /* Pods_ProveedorTests.framework */; };
		3A9D35821FB49CBE007D01AD /* MapaViewController.swift in Sources */ = {isa = PBXBuildFile; fileRef = 3A9D35811FB49CBE007D01AD /* MapaViewController.swift */; };
		3AA411BD1FA2383500E1C34D /* ProveedorViewController.swift in Sources */ = {isa = PBXBuildFile; fileRef = 3AA411BC1FA2383500E1C34D /* ProveedorViewController.swift */; };
		3AD283221FA024FA000CEB2D /* AgregarProveedorViewController.swift in Sources */ = {isa = PBXBuildFile; fileRef = 3AD283211FA024FA000CEB2D /* AgregarProveedorViewController.swift */; };
		3AFEF3691F9E3BE8001D88AF /* AppDelegate.swift in Sources */ = {isa = PBXBuildFile; fileRef = 3AFEF3681F9E3BE8001D88AF /* AppDelegate.swift */; };
		3AFEF36B1F9E3BE8001D88AF /* ViewController.swift in Sources */ = {isa = PBXBuildFile; fileRef = 3AFEF36A1F9E3BE8001D88AF /* ViewController.swift */; };
		3AFEF36E1F9E3BE8001D88AF /* Main.storyboard in Resources */ = {isa = PBXBuildFile; fileRef = 3AFEF36C1F9E3BE8001D88AF /* Main.storyboard */; };
		3AFEF3701F9E3BE8001D88AF /* Assets.xcassets in Resources */ = {isa = PBXBuildFile; fileRef = 3AFEF36F1F9E3BE8001D88AF /* Assets.xcassets */; };
		3AFEF3731F9E3BE8001D88AF /* LaunchScreen.storyboard in Resources */ = {isa = PBXBuildFile; fileRef = 3AFEF3711F9E3BE8001D88AF /* LaunchScreen.storyboard */; };
		3AFEF37E1F9E3BE8001D88AF /* ProveedorTests.swift in Sources */ = {isa = PBXBuildFile; fileRef = 3AFEF37D1F9E3BE8001D88AF /* ProveedorTests.swift */; };
		3AFEF3891F9E3BE8001D88AF /* ProveedorUITests.swift in Sources */ = {isa = PBXBuildFile; fileRef = 3AFEF3881F9E3BE8001D88AF /* ProveedorUITests.swift */; };
		3AFEF3971F9E3CA7001D88AF /* ProveedorService.swift in Sources */ = {isa = PBXBuildFile; fileRef = 3AFEF3961F9E3CA7001D88AF /* ProveedorService.swift */; };
		3AFEF39B1F9E4FD9001D88AF /* Proveedor.swift in Sources */ = {isa = PBXBuildFile; fileRef = 3AFEF39A1F9E4FD9001D88AF /* Proveedor.swift */; };
		3AFEF39D1F9E717D001D88AF /* ProveedorCell.swift in Sources */ = {isa = PBXBuildFile; fileRef = 3AFEF39C1F9E717D001D88AF /* ProveedorCell.swift */; };
		3AFEF39F1F9EC3B9001D88AF /* ListaProveedoresViewControllre.swift in Sources */ = {isa = PBXBuildFile; fileRef = 3AFEF39E1F9EC3B9001D88AF /* ListaProveedoresViewControllre.swift */; };
		E01C0DB44E71B1D72C7A4C69 /* Pods_Proveedor.framework in Frameworks */ = {isa = PBXBuildFile; fileRef = A5F775122E0BCC67CA0A5F0F /* Pods_Proveedor.framework */; };
/* End PBXBuildFile section */

/* Begin PBXContainerItemProxy section */
		3AFEF37A1F9E3BE8001D88AF /* PBXContainerItemProxy */ = {
			isa = PBXContainerItemProxy;
			containerPortal = 3AFEF35D1F9E3BE8001D88AF /* Project object */;
			proxyType = 1;
			remoteGlobalIDString = 3AFEF3641F9E3BE8001D88AF;
			remoteInfo = Proveedor;
		};
		3AFEF3851F9E3BE8001D88AF /* PBXContainerItemProxy */ = {
			isa = PBXContainerItemProxy;
			containerPortal = 3AFEF35D1F9E3BE8001D88AF /* Project object */;
			proxyType = 1;
			remoteGlobalIDString = 3AFEF3641F9E3BE8001D88AF;
			remoteInfo = Proveedor;
		};
/* End PBXContainerItemProxy section */

/* Begin PBXFileReference section */
		3A25E7061FD9A1C400304BCF /* Alamofire.framework */ = {isa = PBXFileReference; explicitFileType = wrapper.framework; path = Alamofire.framework; sourceTree = BUILT_PRODUCTS_DIR; };
		3A25E7081FD9A1E900304BCF /* SwiftyJSON.framework */ = {isa = PBXFileReference; explicitFileType = wrapper.framework; path = SwiftyJSON.framework; sourceTree = BUILT_PRODUCTS_DIR; };
		3A9D35811FB49CBE007D01AD /* MapaViewController.swift */ = {isa = PBXFileReference; lastKnownFileType = sourcecode.swift; path = MapaViewController.swift; sourceTree = "<group>"; };
		3AA411BC1FA2383500E1C34D /* ProveedorViewController.swift */ = {isa = PBXFileReference; lastKnownFileType = sourcecode.swift; path = ProveedorViewController.swift; sourceTree = "<group>"; };
		3AD283211FA024FA000CEB2D /* AgregarProveedorViewController.swift */ = {isa = PBXFileReference; lastKnownFileType = sourcecode.swift; name = AgregarProveedorViewController.swift; path = /Users/adrian/Documents/Programacion/Swift/Proveedor/Proveedor/AgregarProveedorViewController.swift; sourceTree = "<absolute>"; };
		3AFEF3651F9E3BE8001D88AF /* Proveedor.app */ = {isa = PBXFileReference; explicitFileType = wrapper.application; includeInIndex = 0; path = Proveedor.app; sourceTree = BUILT_PRODUCTS_DIR; };
		3AFEF3681F9E3BE8001D88AF /* AppDelegate.swift */ = {isa = PBXFileReference; lastKnownFileType = sourcecode.swift; path = AppDelegate.swift; sourceTree = "<group>"; };
		3AFEF36A1F9E3BE8001D88AF /* ViewController.swift */ = {isa = PBXFileReference; lastKnownFileType = sourcecode.swift; path = ViewController.swift; sourceTree = "<group>"; };
		3AFEF36D1F9E3BE8001D88AF /* Base */ = {isa = PBXFileReference; lastKnownFileType = file.storyboard; name = Base; path = Base.lproj/Main.storyboard; sourceTree = "<group>"; };
		3AFEF36F1F9E3BE8001D88AF /* Assets.xcassets */ = {isa = PBXFileReference; lastKnownFileType = folder.assetcatalog; path = Assets.xcassets; sourceTree = "<group>"; };
		3AFEF3721F9E3BE8001D88AF /* Base */ = {isa = PBXFileReference; lastKnownFileType = file.storyboard; name = Base; path = Base.lproj/LaunchScreen.storyboard; sourceTree = "<group>"; };
		3AFEF3741F9E3BE8001D88AF /* Info.plist */ = {isa = PBXFileReference; lastKnownFileType = text.plist.xml; path = Info.plist; sourceTree = "<group>"; };
		3AFEF3791F9E3BE8001D88AF /* ProveedorTests.xctest */ = {isa = PBXFileReference; explicitFileType = wrapper.cfbundle; includeInIndex = 0; path = ProveedorTests.xctest; sourceTree = BUILT_PRODUCTS_DIR; };
		3AFEF37D1F9E3BE8001D88AF /* ProveedorTests.swift */ = {isa = PBXFileReference; lastKnownFileType = sourcecode.swift; path = ProveedorTests.swift; sourceTree = "<group>"; };
		3AFEF37F1F9E3BE8001D88AF /* Info.plist */ = {isa = PBXFileReference; lastKnownFileType = text.plist.xml; path = Info.plist; sourceTree = "<group>"; };
		3AFEF3841F9E3BE8001D88AF /* ProveedorUITests.xctest */ = {isa = PBXFileReference; explicitFileType = wrapper.cfbundle; includeInIndex = 0; path = ProveedorUITests.xctest; sourceTree = BUILT_PRODUCTS_DIR; };
		3AFEF3881F9E3BE8001D88AF /* ProveedorUITests.swift */ = {isa = PBXFileReference; lastKnownFileType = sourcecode.swift; path = ProveedorUITests.swift; sourceTree = "<group>"; };
		3AFEF38A1F9E3BE8001D88AF /* Info.plist */ = {isa = PBXFileReference; lastKnownFileType = text.plist.xml; path = Info.plist; sourceTree = "<group>"; };
		3AFEF3961F9E3CA7001D88AF /* ProveedorService.swift */ = {isa = PBXFileReference; lastKnownFileType = sourcecode.swift; path = ProveedorService.swift; sourceTree = "<group>"; };
		3AFEF39A1F9E4FD9001D88AF /* Proveedor.swift */ = {isa = PBXFileReference; lastKnownFileType = sourcecode.swift; path = Proveedor.swift; sourceTree = "<group>"; };
		3AFEF39C1F9E717D001D88AF /* ProveedorCell.swift */ = {isa = PBXFileReference; lastKnownFileType = sourcecode.swift; path = ProveedorCell.swift; sourceTree = "<group>"; };
		3AFEF39E1F9EC3B9001D88AF /* ListaProveedoresViewControllre.swift */ = {isa = PBXFileReference; lastKnownFileType = sourcecode.swift; path = ListaProveedoresViewControllre.swift; sourceTree = "<group>"; };
		3EB93BD4B8159CF57CD17DFC /* Pods-ProveedorUITests.release.xcconfig */ = {isa = PBXFileReference; includeInIndex = 1; lastKnownFileType = text.xcconfig; name = "Pods-ProveedorUITests.release.xcconfig"; path = "Pods/Target Support Files/Pods-ProveedorUITests/Pods-ProveedorUITests.release.xcconfig"; sourceTree = "<group>"; };
		5E1F47942578C60C664E243A /* Pods_ProveedorTests.framework */ = {isa = PBXFileReference; explicitFileType = wrapper.framework; includeInIndex = 0; path = Pods_ProveedorTests.framework; sourceTree = BUILT_PRODUCTS_DIR; };
		60ACF142BB7D16E82BF75913 /* Pods_ProveedorUITests.framework */ = {isa = PBXFileReference; explicitFileType = wrapper.framework; includeInIndex = 0; path = Pods_ProveedorUITests.framework; sourceTree = BUILT_PRODUCTS_DIR; };
		794C51EB119175AB05604257 /* Pods-Proveedor.debug.xcconfig */ = {isa = PBXFileReference; includeInIndex = 1; lastKnownFileType = text.xcconfig; name = "Pods-Proveedor.debug.xcconfig"; path = "Pods/Target Support Files/Pods-Proveedor/Pods-Proveedor.debug.xcconfig"; sourceTree = "<group>"; };
		9FB6C036744B4B6AC278E7C3 /* Pods-Proveedor.release.xcconfig */ = {isa = PBXFileReference; includeInIndex = 1; lastKnownFileType = text.xcconfig; name = "Pods-Proveedor.release.xcconfig"; path = "Pods/Target Support Files/Pods-Proveedor/Pods-Proveedor.release.xcconfig"; sourceTree = "<group>"; };
		A5F775122E0BCC67CA0A5F0F /* Pods_Proveedor.framework */ = {isa = PBXFileReference; explicitFileType = wrapper.framework; includeInIndex = 0; path = Pods_Proveedor.framework; sourceTree = BUILT_PRODUCTS_DIR; };
		B5AA3A19DF7988B26775387E /* Pods-ProveedorTests.release.xcconfig */ = {isa = PBXFileReference; includeInIndex = 1; lastKnownFileType = text.xcconfig; name = "Pods-ProveedorTests.release.xcconfig"; path = "Pods/Target Support Files/Pods-ProveedorTests/Pods-ProveedorTests.release.xcconfig"; sourceTree = "<group>"; };
		C50B5526D4A8C322498608BA /* Pods-ProveedorTests.debug.xcconfig */ = {isa = PBXFileReference; includeInIndex = 1; lastKnownFileType = text.xcconfig; name = "Pods-ProveedorTests.debug.xcconfig"; path = "Pods/Target Support Files/Pods-ProveedorTests/Pods-ProveedorTests.debug.xcconfig"; sourceTree = "<group>"; };
		DDA720347677D4C064539C95 /* Pods-ProveedorUITests.debug.xcconfig */ = {isa = PBXFileReference; includeInIndex = 1; lastKnownFileType = text.xcconfig; name = "Pods-ProveedorUITests.debug.xcconfig"; path = "Pods/Target Support Files/Pods-ProveedorUITests/Pods-ProveedorUITests.debug.xcconfig"; sourceTree = "<group>"; };
/* End PBXFileReference section */

/* Begin PBXFrameworksBuildPhase section */
		3AFEF3621F9E3BE8001D88AF /* Frameworks */ = {
			isa = PBXFrameworksBuildPhase;
			buildActionMask = 2147483647;
			files = (
				E01C0DB44E71B1D72C7A4C69 /* Pods_Proveedor.framework in Frameworks */,
			);
			runOnlyForDeploymentPostprocessing = 0;
		};
		3AFEF3761F9E3BE8001D88AF /* Frameworks */ = {
			isa = PBXFrameworksBuildPhase;
			buildActionMask = 2147483647;
			files = (
				079DC11D85FEF9F66318F035 /* Pods_ProveedorTests.framework in Frameworks */,
			);
			runOnlyForDeploymentPostprocessing = 0;
		};
		3AFEF3811F9E3BE8001D88AF /* Frameworks */ = {
			isa = PBXFrameworksBuildPhase;
			buildActionMask = 2147483647;
			files = (
				01BCE587D6846358E4AD4F1B /* Pods_ProveedorUITests.framework in Frameworks */,
			);
			runOnlyForDeploymentPostprocessing = 0;
		};
/* End PBXFrameworksBuildPhase section */

/* Begin PBXGroup section */
		3AFEF35C1F9E3BE8001D88AF = {
			isa = PBXGroup;
			children = (
				3AFEF3671F9E3BE8001D88AF /* Proveedor */,
				3AFEF37C1F9E3BE8001D88AF /* ProveedorTests */,
				3AFEF3871F9E3BE8001D88AF /* ProveedorUITests */,
				3AFEF3661F9E3BE8001D88AF /* Products */,
				AEFF61FA818F16E828FCD570 /* Pods */,
				C44E19967A789A32627D9F53 /* Frameworks */,
			);
			sourceTree = "<group>";
		};
		3AFEF3661F9E3BE8001D88AF /* Products */ = {
			isa = PBXGroup;
			children = (
				3AFEF3651F9E3BE8001D88AF /* Proveedor.app */,
				3AFEF3791F9E3BE8001D88AF /* ProveedorTests.xctest */,
				3AFEF3841F9E3BE8001D88AF /* ProveedorUITests.xctest */,
			);
			name = Products;
			sourceTree = "<group>";
		};
		3AFEF3671F9E3BE8001D88AF /* Proveedor */ = {
			isa = PBXGroup;
			children = (
				3AFEF3991F9E4FCC001D88AF /* Modelo */,
				3AFEF3981F9E3D5C001D88AF /* Servicios */,
				3AFEF3681F9E3BE8001D88AF /* AppDelegate.swift */,
				3AFEF36A1F9E3BE8001D88AF /* ViewController.swift */,
				3AD283211FA024FA000CEB2D /* AgregarProveedorViewController.swift */,
				3AFEF36C1F9E3BE8001D88AF /* Main.storyboard */,
				3AA411BC1FA2383500E1C34D /* ProveedorViewController.swift */,
				3AFEF36F1F9E3BE8001D88AF /* Assets.xcassets */,
				3AFEF3711F9E3BE8001D88AF /* LaunchScreen.storyboard */,
				3AFEF3741F9E3BE8001D88AF /* Info.plist */,
				3AFEF39C1F9E717D001D88AF /* ProveedorCell.swift */,
				3AFEF39E1F9EC3B9001D88AF /* ListaProveedoresViewControllre.swift */,
				3A9D35811FB49CBE007D01AD /* MapaViewController.swift */,
			);
			path = Proveedor;
			sourceTree = "<group>";
		};
		3AFEF37C1F9E3BE8001D88AF /* ProveedorTests */ = {
			isa = PBXGroup;
			children = (
				3AFEF37D1F9E3BE8001D88AF /* ProveedorTests.swift */,
				3AFEF37F1F9E3BE8001D88AF /* Info.plist */,
			);
			path = ProveedorTests;
			sourceTree = "<group>";
		};
		3AFEF3871F9E3BE8001D88AF /* ProveedorUITests */ = {
			isa = PBXGroup;
			children = (
				3AFEF3881F9E3BE8001D88AF /* ProveedorUITests.swift */,
				3AFEF38A1F9E3BE8001D88AF /* Info.plist */,
			);
			path = ProveedorUITests;
			sourceTree = "<group>";
		};
		3AFEF3981F9E3D5C001D88AF /* Servicios */ = {
			isa = PBXGroup;
			children = (
				3AFEF3961F9E3CA7001D88AF /* ProveedorService.swift */,
			);
			path = Servicios;
			sourceTree = "<group>";
		};
		3AFEF3991F9E4FCC001D88AF /* Modelo */ = {
			isa = PBXGroup;
			children = (
				3AFEF39A1F9E4FD9001D88AF /* Proveedor.swift */,
			);
			path = Modelo;
			sourceTree = "<group>";
		};
		AEFF61FA818F16E828FCD570 /* Pods */ = {
			isa = PBXGroup;
			children = (
				794C51EB119175AB05604257 /* Pods-Proveedor.debug.xcconfig */,
				9FB6C036744B4B6AC278E7C3 /* Pods-Proveedor.release.xcconfig */,
				C50B5526D4A8C322498608BA /* Pods-ProveedorTests.debug.xcconfig */,
				B5AA3A19DF7988B26775387E /* Pods-ProveedorTests.release.xcconfig */,
				DDA720347677D4C064539C95 /* Pods-ProveedorUITests.debug.xcconfig */,
				3EB93BD4B8159CF57CD17DFC /* Pods-ProveedorUITests.release.xcconfig */,
			);
			name = Pods;
			sourceTree = "<group>";
		};
		C44E19967A789A32627D9F53 /* Frameworks */ = {
			isa = PBXGroup;
			children = (
				3A25E7081FD9A1E900304BCF /* SwiftyJSON.framework */,
				3A25E7061FD9A1C400304BCF /* Alamofire.framework */,
				A5F775122E0BCC67CA0A5F0F /* Pods_Proveedor.framework */,
				5E1F47942578C60C664E243A /* Pods_ProveedorTests.framework */,
				60ACF142BB7D16E82BF75913 /* Pods_ProveedorUITests.framework */,
			);
			name = Frameworks;
			sourceTree = "<group>";
		};
/* End PBXGroup section */

/* Begin PBXNativeTarget section */
		3AFEF3641F9E3BE8001D88AF /* Proveedor */ = {
			isa = PBXNativeTarget;
			buildConfigurationList = 3AFEF38D1F9E3BE8001D88AF /* Build configuration list for PBXNativeTarget "Proveedor" */;
			buildPhases = (
				24E54C11975491FD4A48BDAD /* [CP] Check Pods Manifest.lock */,
				3AFEF3611F9E3BE8001D88AF /* Sources */,
				3AFEF3621F9E3BE8001D88AF /* Frameworks */,
				3AFEF3631F9E3BE8001D88AF /* Resources */,
				3FF9126B5513536B61279855 /* [CP] Embed Pods Frameworks */,
				1FB540049D4E4FD764ED2843 /* [CP] Copy Pods Resources */,
			);
			buildRules = (
			);
			dependencies = (
			);
			name = Proveedor;
			productName = Proveedor;
			productReference = 3AFEF3651F9E3BE8001D88AF /* Proveedor.app */;
			productType = "com.apple.product-type.application";
		};
		3AFEF3781F9E3BE8001D88AF /* ProveedorTests */ = {
			isa = PBXNativeTarget;
			buildConfigurationList = 3AFEF3901F9E3BE8001D88AF /* Build configuration list for PBXNativeTarget "ProveedorTests" */;
			buildPhases = (
				6DBED5B03BFB5AA14FA165FC /* [CP] Check Pods Manifest.lock */,
				3AFEF3751F9E3BE8001D88AF /* Sources */,
				3AFEF3761F9E3BE8001D88AF /* Frameworks */,
				3AFEF3771F9E3BE8001D88AF /* Resources */,
				A83823480E44C521CF37E7E5 /* [CP] Embed Pods Frameworks */,
				43D060DA68DDC37228617A05 /* [CP] Copy Pods Resources */,
			);
			buildRules = (
			);
			dependencies = (
				3AFEF37B1F9E3BE8001D88AF /* PBXTargetDependency */,
			);
			name = ProveedorTests;
			productName = ProveedorTests;
			productReference = 3AFEF3791F9E3BE8001D88AF /* ProveedorTests.xctest */;
			productType = "com.apple.product-type.bundle.unit-test";
		};
		3AFEF3831F9E3BE8001D88AF /* ProveedorUITests */ = {
			isa = PBXNativeTarget;
			buildConfigurationList = 3AFEF3931F9E3BE8001D88AF /* Build configuration list for PBXNativeTarget "ProveedorUITests" */;
			buildPhases = (
				9633116C8971B340549FC7F6 /* [CP] Check Pods Manifest.lock */,
				3AFEF3801F9E3BE8001D88AF /* Sources */,
				3AFEF3811F9E3BE8001D88AF /* Frameworks */,
				3AFEF3821F9E3BE8001D88AF /* Resources */,
				E2C4B0454A5432A3415E4CB8 /* [CP] Embed Pods Frameworks */,
				2388886CB5C9E9A8EC078E79 /* [CP] Copy Pods Resources */,
			);
			buildRules = (
			);
			dependencies = (
				3AFEF3861F9E3BE8001D88AF /* PBXTargetDependency */,
			);
			name = ProveedorUITests;
			productName = ProveedorUITests;
			productReference = 3AFEF3841F9E3BE8001D88AF /* ProveedorUITests.xctest */;
			productType = "com.apple.product-type.bundle.ui-testing";
		};
/* End PBXNativeTarget section */

/* Begin PBXProject section */
		3AFEF35D1F9E3BE8001D88AF /* Project object */ = {
			isa = PBXProject;
			attributes = {
				LastSwiftUpdateCheck = 0900;
				LastUpgradeCheck = 0900;
				ORGANIZATIONNAME = "Adrian Herrera";
				TargetAttributes = {
					3AFEF3641F9E3BE8001D88AF = {
						CreatedOnToolsVersion = 9.0.1;
						ProvisioningStyle = Automatic;
					};
					3AFEF3781F9E3BE8001D88AF = {
						CreatedOnToolsVersion = 9.0.1;
						ProvisioningStyle = Automatic;
						TestTargetID = 3AFEF3641F9E3BE8001D88AF;
					};
					3AFEF3831F9E3BE8001D88AF = {
						CreatedOnToolsVersion = 9.0.1;
						ProvisioningStyle = Automatic;
						TestTargetID = 3AFEF3641F9E3BE8001D88AF;
					};
				};
			};
			buildConfigurationList = 3AFEF3601F9E3BE8001D88AF /* Build configuration list for PBXProject "Proveedor" */;
			compatibilityVersion = "Xcode 8.0";
			developmentRegion = en;
			hasScannedForEncodings = 0;
			knownRegions = (
				en,
				Base,
			);
			mainGroup = 3AFEF35C1F9E3BE8001D88AF;
			productRefGroup = 3AFEF3661F9E3BE8001D88AF /* Products */;
			projectDirPath = "";
			projectRoot = "";
			targets = (
				3AFEF3641F9E3BE8001D88AF /* Proveedor */,
				3AFEF3781F9E3BE8001D88AF /* ProveedorTests */,
				3AFEF3831F9E3BE8001D88AF /* ProveedorUITests */,
			);
		};
/* End PBXProject section */

/* Begin PBXResourcesBuildPhase section */
		3AFEF3631F9E3BE8001D88AF /* Resources */ = {
			isa = PBXResourcesBuildPhase;
			buildActionMask = 2147483647;
			files = (
				3AFEF3731F9E3BE8001D88AF /* LaunchScreen.storyboard in Resources */,
				3AFEF3701F9E3BE8001D88AF /* Assets.xcassets in Resources */,
				3AFEF36E1F9E3BE8001D88AF /* Main.storyboard in Resources */,
			);
			runOnlyForDeploymentPostprocessing = 0;
		};
		3AFEF3771F9E3BE8001D88AF /* Resources */ = {
			isa = PBXResourcesBuildPhase;
			buildActionMask = 2147483647;
			files = (
			);
			runOnlyForDeploymentPostprocessing = 0;
		};
		3AFEF3821F9E3BE8001D88AF /* Resources */ = {
			isa = PBXResourcesBuildPhase;
			buildActionMask = 2147483647;
			files = (
			);
			runOnlyForDeploymentPostprocessing = 0;
		};
/* End PBXResourcesBuildPhase section */

/* Begin PBXShellScriptBuildPhase section */
		1FB540049D4E4FD764ED2843 /* [CP] Copy Pods Resources */ = {
			isa = PBXShellScriptBuildPhase;
			buildActionMask = 2147483647;
			files = (
			);
			inputPaths = (
				"${SRCROOT}/Pods/Target Support Files/Pods-Proveedor/Pods-Proveedor-resources.sh",
				"${PODS_ROOT}/GoogleMaps/Maps/Frameworks/GoogleMaps.framework/Resources/GoogleMaps.bundle",
				"${PODS_ROOT}/GooglePlaces/Frameworks/GooglePlaces.framework/Resources/GooglePlaces.bundle",
			);
			name = "[CP] Copy Pods Resources";
			outputPaths = (
				"${TARGET_BUILD_DIR}/${UNLOCALIZED_RESOURCES_FOLDER_PATH}",
			);
			runOnlyForDeploymentPostprocessing = 0;
			shellPath = /bin/sh;
			shellScript = "\"${SRCROOT}/Pods/Target Support Files/Pods-Proveedor/Pods-Proveedor-resources.sh\"\n";
			showEnvVarsInLog = 0;
		};
		2388886CB5C9E9A8EC078E79 /* [CP] Copy Pods Resources */ = {
			isa = PBXShellScriptBuildPhase;
			buildActionMask = 2147483647;
			files = (
			);
			inputPaths = (
			);
			name = "[CP] Copy Pods Resources";
			outputPaths = (
			);
			runOnlyForDeploymentPostprocessing = 0;
			shellPath = /bin/sh;
			shellScript = "\"${SRCROOT}/Pods/Target Support Files/Pods-ProveedorUITests/Pods-ProveedorUITests-resources.sh\"\n";
			showEnvVarsInLog = 0;
		};
		24E54C11975491FD4A48BDAD /* [CP] Check Pods Manifest.lock */ = {
			isa = PBXShellScriptBuildPhase;
			buildActionMask = 2147483647;
			files = (
			);
			inputPaths = (
				"${PODS_PODFILE_DIR_PATH}/Podfile.lock",
				"${PODS_ROOT}/Manifest.lock",
			);
			name = "[CP] Check Pods Manifest.lock";
			outputPaths = (
				"$(DERIVED_FILE_DIR)/Pods-Proveedor-checkManifestLockResult.txt",
			);
			runOnlyForDeploymentPostprocessing = 0;
			shellPath = /bin/sh;
			shellScript = "diff \"${PODS_PODFILE_DIR_PATH}/Podfile.lock\" \"${PODS_ROOT}/Manifest.lock\" > /dev/null\nif [ $? != 0 ] ; then\n    # print error to STDERR\n    echo \"error: The sandbox is not in sync with the Podfile.lock. Run 'pod install' or update your CocoaPods installation.\" >&2\n    exit 1\nfi\n# This output is used by Xcode 'outputs' to avoid re-running this script phase.\necho \"SUCCESS\" > \"${SCRIPT_OUTPUT_FILE_0}\"\n";
			showEnvVarsInLog = 0;
		};
		3FF9126B5513536B61279855 /* [CP] Embed Pods Frameworks */ = {
			isa = PBXShellScriptBuildPhase;
			buildActionMask = 2147483647;
			files = (
			);
			inputPaths = (
				"${SRCROOT}/Pods/Target Support Files/Pods-Proveedor/Pods-Proveedor-frameworks.sh",
				"${BUILT_PRODUCTS_DIR}/Alamofire/Alamofire.framework",
				"${BUILT_PRODUCTS_DIR}/SwiftyJSON/SwiftyJSON.framework",
			);
			name = "[CP] Embed Pods Frameworks";
			outputPaths = (
				"${TARGET_BUILD_DIR}/${FRAMEWORKS_FOLDER_PATH}/Alamofire.framework",
				"${TARGET_BUILD_DIR}/${FRAMEWORKS_FOLDER_PATH}/SwiftyJSON.framework",
			);
			runOnlyForDeploymentPostprocessing = 0;
			shellPath = /bin/sh;
			shellScript = "\"${SRCROOT}/Pods/Target Support Files/Pods-Proveedor/Pods-Proveedor-frameworks.sh\"\n";
			showEnvVarsInLog = 0;
		};
		43D060DA68DDC37228617A05 /* [CP] Copy Pods Resources */ = {
			isa = PBXShellScriptBuildPhase;
			buildActionMask = 2147483647;
			files = (
			);
			inputPaths = (
			);
			name = "[CP] Copy Pods Resources";
			outputPaths = (
			);
			runOnlyForDeploymentPostprocessing = 0;
			shellPath = /bin/sh;
			shellScript = "\"${SRCROOT}/Pods/Target Support Files/Pods-ProveedorTests/Pods-ProveedorTests-resources.sh\"\n";
			showEnvVarsInLog = 0;
		};
		6DBED5B03BFB5AA14FA165FC /* [CP] Check Pods Manifest.lock */ = {
			isa = PBXShellScriptBuildPhase;
			buildActionMask = 2147483647;
			files = (
			);
			inputPaths = (
				"${PODS_PODFILE_DIR_PATH}/Podfile.lock",
				"${PODS_ROOT}/Manifest.lock",
			);
			name = "[CP] Check Pods Manifest.lock";
			outputPaths = (
				"$(DERIVED_FILE_DIR)/Pods-ProveedorTests-checkManifestLockResult.txt",
			);
			runOnlyForDeploymentPostprocessing = 0;
			shellPath = /bin/sh;
			shellScript = "diff \"${PODS_PODFILE_DIR_PATH}/Podfile.lock\" \"${PODS_ROOT}/Manifest.lock\" > /dev/null\nif [ $? != 0 ] ; then\n    # print error to STDERR\n    echo \"error: The sandbox is not in sync with the Podfile.lock. Run 'pod install' or update your CocoaPods installation.\" >&2\n    exit 1\nfi\n# This output is used by Xcode 'outputs' to avoid re-running this script phase.\necho \"SUCCESS\" > \"${SCRIPT_OUTPUT_FILE_0}\"\n";
			showEnvVarsInLog = 0;
		};
		9633116C8971B340549FC7F6 /* [CP] Check Pods Manifest.lock */ = {
			isa = PBXShellScriptBuildPhase;
			buildActionMask = 2147483647;
			files = (
			);
			inputPaths = (
				"${PODS_PODFILE_DIR_PATH}/Podfile.lock",
				"${PODS_ROOT}/Manifest.lock",
			);
			name = "[CP] Check Pods Manifest.lock";
			outputPaths = (
				"$(DERIVED_FILE_DIR)/Pods-ProveedorUITests-checkManifestLockResult.txt",
			);
			runOnlyForDeploymentPostprocessing = 0;
			shellPath = /bin/sh;
			shellScript = "diff \"${PODS_PODFILE_DIR_PATH}/Podfile.lock\" \"${PODS_ROOT}/Manifest.lock\" > /dev/null\nif [ $? != 0 ] ; then\n    # print error to STDERR\n    echo \"error: The sandbox is not in sync with the Podfile.lock. Run 'pod install' or update your CocoaPods installation.\" >&2\n    exit 1\nfi\n# This output is used by Xcode 'outputs' to avoid re-running this script phase.\necho \"SUCCESS\" > \"${SCRIPT_OUTPUT_FILE_0}\"\n";
			showEnvVarsInLog = 0;
		};
		A83823480E44C521CF37E7E5 /* [CP] Embed Pods Frameworks */ = {
			isa = PBXShellScriptBuildPhase;
			buildActionMask = 2147483647;
			files = (
			);
			inputPaths = (
			);
			name = "[CP] Embed Pods Frameworks";
			outputPaths = (
			);
			runOnlyForDeploymentPostprocessing = 0;
			shellPath = /bin/sh;
			shellScript = "\"${SRCROOT}/Pods/Target Support Files/Pods-ProveedorTests/Pods-ProveedorTests-frameworks.sh\"\n";
			showEnvVarsInLog = 0;
		};
		E2C4B0454A5432A3415E4CB8 /* [CP] Embed Pods Frameworks */ = {
			isa = PBXShellScriptBuildPhase;
			buildActionMask = 2147483647;
			files = (
			);
			inputPaths = (
			);
			name = "[CP] Embed Pods Frameworks";
			outputPaths = (
			);
			runOnlyForDeploymentPostprocessing = 0;
			shellPath = /bin/sh;
			shellScript = "\"${SRCROOT}/Pods/Target Support Files/Pods-ProveedorUITests/Pods-ProveedorUITests-frameworks.sh\"\n";
			showEnvVarsInLog = 0;
		};
/* End PBXShellScriptBuildPhase section */

/* Begin PBXSourcesBuildPhase section */
		3AFEF3611F9E3BE8001D88AF /* Sources */ = {
			isa = PBXSourcesBuildPhase;
			buildActionMask = 2147483647;
			files = (
				3AFEF39B1F9E4FD9001D88AF /* Proveedor.swift in Sources */,
				3AD283221FA024FA000CEB2D /* AgregarProveedorViewController.swift in Sources */,
				3AFEF39D1F9E717D001D88AF /* ProveedorCell.swift in Sources */,
				3AFEF3971F9E3CA7001D88AF /* ProveedorService.swift in Sources */,
				3A9D35821FB49CBE007D01AD /* MapaViewController.swift in Sources */,
				3AFEF36B1F9E3BE8001D88AF /* ViewController.swift in Sources */,
				3AA411BD1FA2383500E1C34D /* ProveedorViewController.swift in Sources */,
				3AFEF3691F9E3BE8001D88AF /* AppDelegate.swift in Sources */,
				3AFEF39F1F9EC3B9001D88AF /* ListaProveedoresViewControllre.swift in Sources */,
			);
			runOnlyForDeploymentPostprocessing = 0;
		};
		3AFEF3751F9E3BE8001D88AF /* Sources */ = {
			isa = PBXSourcesBuildPhase;
			buildActionMask = 2147483647;
			files = (
				3AFEF37E1F9E3BE8001D88AF /* ProveedorTests.swift in Sources */,
			);
			runOnlyForDeploymentPostprocessing = 0;
		};
		3AFEF3801F9E3BE8001D88AF /* Sources */ = {
			isa = PBXSourcesBuildPhase;
			buildActionMask = 2147483647;
			files = (
				3AFEF3891F9E3BE8001D88AF /* ProveedorUITests.swift in Sources */,
			);
			runOnlyForDeploymentPostprocessing = 0;
		};
/* End PBXSourcesBuildPhase section */

/* Begin PBXTargetDependency section */
		3AFEF37B1F9E3BE8001D88AF /* PBXTargetDependency */ = {
			isa = PBXTargetDependency;
			target = 3AFEF3641F9E3BE8001D88AF /* Proveedor */;
			targetProxy = 3AFEF37A1F9E3BE8001D88AF /* PBXContainerItemProxy */;
		};
		3AFEF3861F9E3BE8001D88AF /* PBXTargetDependency */ = {
			isa = PBXTargetDependency;
			target = 3AFEF3641F9E3BE8001D88AF /* Proveedor */;
			targetProxy = 3AFEF3851F9E3BE8001D88AF /* PBXContainerItemProxy */;
		};
/* End PBXTargetDependency section */

/* Begin PBXVariantGroup section */
		3AFEF36C1F9E3BE8001D88AF /* Main.storyboard */ = {
			isa = PBXVariantGroup;
			children = (
				3AFEF36D1F9E3BE8001D88AF /* Base */,
			);
			name = Main.storyboard;
			sourceTree = "<group>";
		};
		3AFEF3711F9E3BE8001D88AF /* LaunchScreen.storyboard */ = {
			isa = PBXVariantGroup;
			children = (
				3AFEF3721F9E3BE8001D88AF /* Base */,
			);
			name = LaunchScreen.storyboard;
			sourceTree = "<group>";
		};
/* End PBXVariantGroup section */

/* Begin XCBuildConfiguration section */
		3AFEF38B1F9E3BE8001D88AF /* Debug */ = {
			isa = XCBuildConfiguration;
			buildSettings = {
				ALWAYS_SEARCH_USER_PATHS = NO;
				CLANG_ANALYZER_NONNULL = YES;
				CLANG_ANALYZER_NUMBER_OBJECT_CONVERSION = YES_AGGRESSIVE;
				CLANG_CXX_LANGUAGE_STANDARD = "gnu++14";
				CLANG_CXX_LIBRARY = "libc++";
				CLANG_ENABLE_MODULES = YES;
				CLANG_ENABLE_OBJC_ARC = YES;
				CLANG_WARN_BLOCK_CAPTURE_AUTORELEASING = YES;
				CLANG_WARN_BOOL_CONVERSION = YES;
				CLANG_WARN_COMMA = YES;
				CLANG_WARN_CONSTANT_CONVERSION = YES;
				CLANG_WARN_DIRECT_OBJC_ISA_USAGE = YES_ERROR;
				CLANG_WARN_DOCUMENTATION_COMMENTS = YES;
				CLANG_WARN_EMPTY_BODY = YES;
				CLANG_WARN_ENUM_CONVERSION = YES;
				CLANG_WARN_INFINITE_RECURSION = YES;
				CLANG_WARN_INT_CONVERSION = YES;
				CLANG_WARN_NON_LITERAL_NULL_CONVERSION = YES;
				CLANG_WARN_OBJC_LITERAL_CONVERSION = YES;
				CLANG_WARN_OBJC_ROOT_CLASS = YES_ERROR;
				CLANG_WARN_RANGE_LOOP_ANALYSIS = YES;
				CLANG_WARN_STRICT_PROTOTYPES = YES;
				CLANG_WARN_SUSPICIOUS_MOVE = YES;
				CLANG_WARN_UNGUARDED_AVAILABILITY = YES_AGGRESSIVE;
				CLANG_WARN_UNREACHABLE_CODE = YES;
				CLANG_WARN__DUPLICATE_METHOD_MATCH = YES;
				CODE_SIGN_IDENTITY = "iPhone Developer";
				COPY_PHASE_STRIP = NO;
				DEBUG_INFORMATION_FORMAT = dwarf;
				ENABLE_STRICT_OBJC_MSGSEND = YES;
				ENABLE_TESTABILITY = YES;
				GCC_C_LANGUAGE_STANDARD = gnu11;
				GCC_DYNAMIC_NO_PIC = NO;
				GCC_NO_COMMON_BLOCKS = YES;
				GCC_OPTIMIZATION_LEVEL = 0;
				GCC_PREPROCESSOR_DEFINITIONS = (
					"DEBUG=1",
					"$(inherited)",
				);
				GCC_WARN_64_TO_32_BIT_CONVERSION = YES;
				GCC_WARN_ABOUT_RETURN_TYPE = YES_ERROR;
				GCC_WARN_UNDECLARED_SELECTOR = YES;
				GCC_WARN_UNINITIALIZED_AUTOS = YES_AGGRESSIVE;
				GCC_WARN_UNUSED_FUNCTION = YES;
				GCC_WARN_UNUSED_VARIABLE = YES;
				IPHONEOS_DEPLOYMENT_TARGET = 11.0;
				MTL_ENABLE_DEBUG_INFO = YES;
				ONLY_ACTIVE_ARCH = YES;
				SDKROOT = iphoneos;
				SWIFT_ACTIVE_COMPILATION_CONDITIONS = DEBUG;
				SWIFT_OPTIMIZATION_LEVEL = "-Onone";
			};
			name = Debug;
		};
		3AFEF38C1F9E3BE8001D88AF /* Release */ = {
			isa = XCBuildConfiguration;
			buildSettings = {
				ALWAYS_SEARCH_USER_PATHS = NO;
				CLANG_ANALYZER_NONNULL = YES;
				CLANG_ANALYZER_NUMBER_OBJECT_CONVERSION = YES_AGGRESSIVE;
				CLANG_CXX_LANGUAGE_STANDARD = "gnu++14";
				CLANG_CXX_LIBRARY = "libc++";
				CLANG_ENABLE_MODULES = YES;
				CLANG_ENABLE_OBJC_ARC = YES;
				CLANG_WARN_BLOCK_CAPTURE_AUTORELEASING = YES;
				CLANG_WARN_BOOL_CONVERSION = YES;
				CLANG_WARN_COMMA = YES;
				CLANG_WARN_CONSTANT_CONVERSION = YES;
				CLANG_WARN_DIRECT_OBJC_ISA_USAGE = YES_ERROR;
				CLANG_WARN_DOCUMENTATION_COMMENTS = YES;
				CLANG_WARN_EMPTY_BODY = YES;
				CLANG_WARN_ENUM_CONVERSION = YES;
				CLANG_WARN_INFINITE_RECURSION = YES;
				CLANG_WARN_INT_CONVERSION = YES;
				CLANG_WARN_NON_LITERAL_NULL_CONVERSION = YES;
				CLANG_WARN_OBJC_LITERAL_CONVERSION = YES;
				CLANG_WARN_OBJC_ROOT_CLASS = YES_ERROR;
				CLANG_WARN_RANGE_LOOP_ANALYSIS = YES;
				CLANG_WARN_STRICT_PROTOTYPES = YES;
				CLANG_WARN_SUSPICIOUS_MOVE = YES;
				CLANG_WARN_UNGUARDED_AVAILABILITY = YES_AGGRESSIVE;
				CLANG_WARN_UNREACHABLE_CODE = YES;
				CLANG_WARN__DUPLICATE_METHOD_MATCH = YES;
				CODE_SIGN_IDENTITY = "iPhone Developer";
				COPY_PHASE_STRIP = NO;
				DEBUG_INFORMATION_FORMAT = "dwarf-with-dsym";
				ENABLE_NS_ASSERTIONS = NO;
				ENABLE_STRICT_OBJC_MSGSEND = YES;
				GCC_C_LANGUAGE_STANDARD = gnu11;
				GCC_NO_COMMON_BLOCKS = YES;
				GCC_WARN_64_TO_32_BIT_CONVERSION = YES;
				GCC_WARN_ABOUT_RETURN_TYPE = YES_ERROR;
				GCC_WARN_UNDECLARED_SELECTOR = YES;
				GCC_WARN_UNINITIALIZED_AUTOS = YES_AGGRESSIVE;
				GCC_WARN_UNUSED_FUNCTION = YES;
				GCC_WARN_UNUSED_VARIABLE = YES;
				IPHONEOS_DEPLOYMENT_TARGET = 11.0;
				MTL_ENABLE_DEBUG_INFO = NO;
				SDKROOT = iphoneos;
				SWIFT_OPTIMIZATION_LEVEL = "-Owholemodule";
				VALIDATE_PRODUCT = YES;
			};
			name = Release;
		};
		3AFEF38E1F9E3BE8001D88AF /* Debug */ = {
			isa = XCBuildConfiguration;
			baseConfigurationReference = 794C51EB119175AB05604257 /* Pods-Proveedor.debug.xcconfig */;
			buildSettings = {
				ASSETCATALOG_COMPILER_APPICON_NAME = AppIcon;
				CODE_SIGN_STYLE = Automatic;
				DEVELOPMENT_TEAM = 68P95R7SU2;
				INFOPLIST_FILE = Proveedor/Info.plist;
				IPHONEOS_DEPLOYMENT_TARGET = 10.3;
				LD_RUNPATH_SEARCH_PATHS = "$(inherited) @executable_path/Frameworks";
				PRODUCT_BUNDLE_IDENTIFIER = Proveedor;
				PRODUCT_NAME = "$(TARGET_NAME)";
				SWIFT_VERSION = 4.0;
				TARGETED_DEVICE_FAMILY = "1,2";
				VALID_ARCHS = "armv7 armv7s arm64";
			};
			name = Debug;
		};
		3AFEF38F1F9E3BE8001D88AF /* Release */ = {
			isa = XCBuildConfiguration;
			baseConfigurationReference = 9FB6C036744B4B6AC278E7C3 /* Pods-Proveedor.release.xcconfig */;
			buildSettings = {
				ASSETCATALOG_COMPILER_APPICON_NAME = AppIcon;
				CODE_SIGN_STYLE = Automatic;
				DEVELOPMENT_TEAM = 68P95R7SU2;
				INFOPLIST_FILE = Proveedor/Info.plist;
				IPHONEOS_DEPLOYMENT_TARGET = 10.3;
				LD_RUNPATH_SEARCH_PATHS = "$(inherited) @executable_path/Frameworks";
				PRODUCT_BUNDLE_IDENTIFIER = Proveedor;
				PRODUCT_NAME = "$(TARGET_NAME)";
				SWIFT_VERSION = 4.0;
				TARGETED_DEVICE_FAMILY = "1,2";
				VALID_ARCHS = "armv7 armv7s arm64";
			};
			name = Release;
		};
		3AFEF3911F9E3BE8001D88AF /* Debug */ = {
			isa = XCBuildConfiguration;
			baseConfigurationReference = C50B5526D4A8C322498608BA /* Pods-ProveedorTests.debug.xcconfig */;
			buildSettings = {
				ALWAYS_EMBED_SWIFT_STANDARD_LIBRARIES = YES;
				BUNDLE_LOADER = "$(TEST_HOST)";
				CODE_SIGN_STYLE = Automatic;
				INFOPLIST_FILE = ProveedorTests/Info.plist;
				LD_RUNPATH_SEARCH_PATHS = "$(inherited) @executable_path/Frameworks @loader_path/Frameworks";
				PRODUCT_BUNDLE_IDENTIFIER = A.Herrera.ProveedorTests;
				PRODUCT_NAME = "$(TARGET_NAME)";
				SWIFT_VERSION = 4.0;
				TARGETED_DEVICE_FAMILY = "1,2";
				TEST_HOST = "$(BUILT_PRODUCTS_DIR)/Proveedor.app/Proveedor";
			};
			name = Debug;
		};
		3AFEF3921F9E3BE8001D88AF /* Release */ = {
			isa = XCBuildConfiguration;
			baseConfigurationReference = B5AA3A19DF7988B26775387E /* Pods-ProveedorTests.release.xcconfig */;
			buildSettings = {
				ALWAYS_EMBED_SWIFT_STANDARD_LIBRARIES = YES;
				BUNDLE_LOADER = "$(TEST_HOST)";
				CODE_SIGN_STYLE = Automatic;
				INFOPLIST_FILE = ProveedorTests/Info.plist;
				LD_RUNPATH_SEARCH_PATHS = "$(inherited) @executable_path/Frameworks @loader_path/Frameworks";
				PRODUCT_BUNDLE_IDENTIFIER = A.Herrera.ProveedorTests;
				PRODUCT_NAME = "$(TARGET_NAME)";
				SWIFT_VERSION = 4.0;
				TARGETED_DEVICE_FAMILY = "1,2";
				TEST_HOST = "$(BUILT_PRODUCTS_DIR)/Proveedor.app/Proveedor";
			};
			name = Release;
		};
		3AFEF3941F9E3BE8001D88AF /* Debug */ = {
			isa = XCBuildConfiguration;
			baseConfigurationReference = DDA720347677D4C064539C95 /* Pods-ProveedorUITests.debug.xcconfig */;
			buildSettings = {
				ALWAYS_EMBED_SWIFT_STANDARD_LIBRARIES = YES;
				CODE_SIGN_STYLE = Automatic;
				INFOPLIST_FILE = ProveedorUITests/Info.plist;
				LD_RUNPATH_SEARCH_PATHS = "$(inherited) @executable_path/Frameworks @loader_path/Frameworks";
				PRODUCT_BUNDLE_IDENTIFIER = A.Herrera.ProveedorUITests;
				PRODUCT_NAME = "$(TARGET_NAME)";
				SWIFT_VERSION = 4.0;
				TARGETED_DEVICE_FAMILY = "1,2";
				TEST_TARGET_NAME = Proveedor;
			};
			name = Debug;
		};
		3AFEF3951F9E3BE8001D88AF /* Release */ = {
			isa = XCBuildConfiguration;
			baseConfigurationReference = 3EB93BD4B8159CF57CD17DFC /* Pods-ProveedorUITests.release.xcconfig */;
			buildSettings = {
				ALWAYS_EMBED_SWIFT_STANDARD_LIBRARIES = YES;
				CODE_SIGN_STYLE = Automatic;
				INFOPLIST_FILE = ProveedorUITests/Info.plist;
				LD_RUNPATH_SEARCH_PATHS = "$(inherited) @executable_path/Frameworks @loader_path/Frameworks";
				PRODUCT_BUNDLE_IDENTIFIER = A.Herrera.ProveedorUITests;
				PRODUCT_NAME = "$(TARGET_NAME)";
				SWIFT_VERSION = 4.0;
				TARGETED_DEVICE_FAMILY = "1,2";
				TEST_TARGET_NAME = Proveedor;
			};
			name = Release;
		};
/* End XCBuildConfiguration section */

/* Begin XCConfigurationList section */
		3AFEF3601F9E3BE8001D88AF /* Build configuration list for PBXProject "Proveedor" */ = {
			isa = XCConfigurationList;
			buildConfigurations = (
				3AFEF38B1F9E3BE8001D88AF /* Debug */,
				3AFEF38C1F9E3BE8001D88AF /* Release */,
			);
			defaultConfigurationIsVisible = 0;
			defaultConfigurationName = Release;
		};
		3AFEF38D1F9E3BE8001D88AF /* Build configuration list for PBXNativeTarget "Proveedor" */ = {
			isa = XCConfigurationList;
			buildConfigurations = (
				3AFEF38E1F9E3BE8001D88AF /* Debug */,
				3AFEF38F1F9E3BE8001D88AF /* Release */,
			);
			defaultConfigurationIsVisible = 0;
			defaultConfigurationName = Release;
		};
		3AFEF3901F9E3BE8001D88AF /* Build configuration list for PBXNativeTarget "ProveedorTests" */ = {
			isa = XCConfigurationList;
			buildConfigurations = (
				3AFEF3911F9E3BE8001D88AF /* Debug */,
				3AFEF3921F9E3BE8001D88AF /* Release */,
			);
			defaultConfigurationIsVisible = 0;
			defaultConfigurationName = Release;
		};
		3AFEF3931F9E3BE8001D88AF /* Build configuration list for PBXNativeTarget "ProveedorUITests" */ = {
			isa = XCConfigurationList;
			buildConfigurations = (
				3AFEF3941F9E3BE8001D88AF /* Debug */,
				3AFEF3951F9E3BE8001D88AF /* Release */,
			);
			defaultConfigurationIsVisible = 0;
			defaultConfigurationName = Release;
		};
/* End XCConfigurationList section */
	};
	rootObject = 3AFEF35D1F9E3BE8001D88AF /* Project object */;
}
